
Microsoft Visual Studio Solution File, Format Version 12.00
# Visual Studio 15
VisualStudioVersion = 15.0.27703.2047
MinimumVisualStudioVersion = 10.0.40219.1
Project("{8BC9CEB8-8B4A-11D0-8D11-00A0C91BC942}") = "Convnet_V2", "Convnet_V2\Convnet_V2.vcxproj", "{55ABB7B0-FD80-494A-B180-71A36049CA00}"
EndProject
Project("{8BC9CEB8-8B4A-11D0-8D11-00A0C91BC942}") = "UtilModule", "UtilModule\UtilModule.vcxproj", "{3039B951-4C0B-4B1F-BDF4-7BC253CE8ABD}"
EndProject
Global
	GlobalSection(SolutionConfigurationPlatforms) = preSolution
		Debug|x64 = Debug|x64
		Debug|x86 = Debug|x86
		Release|x64 = Release|x64
		Release|x86 = Release|x86
	EndGlobalSection
	GlobalSection(ProjectConfigurationPlatforms) = postSolution
		{55ABB7B0-FD80-494A-B180-71A36049CA00}.Debug|x64.ActiveCfg = Debug|x64
		{55ABB7B0-FD80-494A-B180-71A36049CA00}.Debug|x64.Build.0 = Debug|x64
		{55ABB7B0-FD80-494A-B180-71A36049CA00}.Debug|x86.ActiveCfg = Debug|Win32
		{55ABB7B0-FD80-494A-B180-71A36049CA00}.Debug|x86.Build.0 = Debug|Win32
		{55ABB7B0-FD80-494A-B180-71A36049CA00}.Release|x64.ActiveCfg = Release|x64
		{55ABB7B0-FD80-494A-B180-71A36049CA00}.Release|x64.Build.0 = Release|x64
		{55ABB7B0-FD80-494A-B180-71A36049CA00}.Release|x86.ActiveCfg = Release|Win32
		{55ABB7B0-FD80-494A-B180-71A36049CA00}.Release|x86.Build.0 = Release|Win32
		{3039B951-4C0B-4B1F-BDF4-7BC253CE8ABD}.Debug|x64.ActiveCfg = Debug|x64
		{3039B951-4C0B-4B1F-BDF4-7BC253CE8ABD}.Debug|x64.Build.0 = Debug|x64
		{3039B951-4C0B-4B1F-BDF4-7BC253CE8ABD}.Debug|x86.ActiveCfg = Debug|Win32
		{3039B951-4C0B-4B1F-BDF4-7BC253CE8ABD}.Debug|x86.Build.0 = Debug|Win32
		{3039B951-4C0B-4B1F-BDF4-7BC253CE8ABD}.Release|x64.ActiveCfg = Release|x64
		{3039B951-4C0B-4B1F-BDF4-7BC253CE8ABD}.Release|x64.Build.0 = Release|x64
		{3039B951-4C0B-4B1F-BDF4-7BC253CE8ABD}.Release|x86.ActiveCfg = Release|Win32
		{3039B951-4C0B-4B1F-BDF4-7BC253CE8ABD}.Release|x86.Build.0 = Release|Win32
	EndGlobalSection
	GlobalSection(SolutionProperties) = preSolution
		HideSolutionNode = FALSE
	EndGlobalSection
	GlobalSection(ExtensibilityGlobals) = postSolution
		SolutionGuid = {AD41BFD5-01E4-4F93-9301-F75A5BEFE081}
	EndGlobalSection
EndGlobal
